
Microsoft Visual Studio Solution File, Format Version 12.00
# Visual Studio Version 16
VisualStudioVersion = 16.0.30611.23
MinimumVisualStudioVersion = 10.0.40219.1
Project("{888888A0-9F3D-457C-B088-3A5042F75D52}") = "firstpython", "firstpython\firstpython.pyproj", "{0B1C8C92-31E3-4407-A5DB-75BA1C921FED}"
EndProject
Global
	GlobalSection(SolutionConfigurationPlatforms) = preSolution
		Debug|Any CPU = Debug|Any CPU
		Release|Any CPU = Release|Any CPU
	EndGlobalSection
	GlobalSection(ProjectConfigurationPlatforms) = postSolution
		{0B1C8C92-31E3-4407-A5DB-75BA1C921FED}.Debug|Any CPU.ActiveCfg = Debug|Any CPU
		{0B1C8C92-31E3-4407-A5DB-75BA1C921FED}.Debug|Any CPU.Build.0 = Debug|Any CPU
		{0B1C8C92-31E3-4407-A5DB-75BA1C921FED}.Release|Any CPU.ActiveCfg = Release|Any CPU
		{0B1C8C92-31E3-4407-A5DB-75BA1C921FED}.Release|Any CPU.Build.0 = Release|Any CPU
	EndGlobalSection
	GlobalSection(SolutionProperties) = preSolution
		HideSolutionNode = FALSE
	EndGlobalSection
	GlobalSection(ExtensibilityGlobals) = postSolution
		SolutionGuid = {C04EB45B-F891-4071-B7CC-93C7D9DE8E97}
	EndGlobalSection
EndGlobal
